// !$*UTF8*$!
{
	archiveVersion = 1;
	classes = {
	};
	objectVersion = 50;
	objects = {

/* Begin PBXBuildFile section */
		A80E69C425C9F2D3002FFFBE /* GitHubApp.swift in Sources */ = {isa = PBXBuildFile; fileRef = A80E69C325C9F2D3002FFFBE /* GitHubApp.swift */; };
		A80E69C625C9F2D3002FFFBE /* ContentView.swift in Sources */ = {isa = PBXBuildFile; fileRef = A80E69C525C9F2D3002FFFBE /* ContentView.swift */; };
		A80E69C825C9F2E2002FFFBE /* Assets.xcassets in Resources */ = {isa = PBXBuildFile; fileRef = A80E69C725C9F2E2002FFFBE /* Assets.xcassets */; };
		A80E69CB25C9F2E2002FFFBE /* Preview Assets.xcassets in Resources */ = {isa = PBXBuildFile; fileRef = A80E69CA25C9F2E2002FFFBE /* Preview Assets.xcassets */; };
		A80E69D625C9F2E4002FFFBE /* GitHubTests.swift in Sources */ = {isa = PBXBuildFile; fileRef = A80E69D525C9F2E4002FFFBE /* GitHubTests.swift */; };
		A80E69E125C9F2E4002FFFBE /* GitHubUITests.swift in Sources */ = {isa = PBXBuildFile; fileRef = A80E69E025C9F2E4002FFFBE /* GitHubUITests.swift */; };
/* End PBXBuildFile section */

/* Begin PBXContainerItemProxy section */
		A80E69D225C9F2E4002FFFBE /* PBXContainerItemProxy */ = {
			isa = PBXContainerItemProxy;
			containerPortal = A80E69B825C9F2D2002FFFBE /* Project object */;
			proxyType = 1;
			remoteGlobalIDString = A80E69BF25C9F2D2002FFFBE;
			remoteInfo = GitHub;
		};
		A80E69DD25C9F2E4002FFFBE /* PBXContainerItemProxy */ = {
			isa = PBXContainerItemProxy;
			containerPortal = A80E69B825C9F2D2002FFFBE /* Project object */;
			proxyType = 1;
			remoteGlobalIDString = A80E69BF25C9F2D2002FFFBE;
			remoteInfo = GitHub;
		};
/* End PBXContainerItemProxy section */

/* Begin PBXFileReference section */
		A80E69C025C9F2D3002FFFBE /* GitHub.app */ = {isa = PBXFileReference; explicitFileType = wrapper.application; includeInIndex = 0; path = GitHub.app; sourceTree = BUILT_PRODUCTS_DIR; };
		A80E69C325C9F2D3002FFFBE /* GitHubApp.swift */ = {isa = PBXFileReference; lastKnownFileType = sourcecode.swift; path = GitHubApp.swift; sourceTree = "<group>"; };
		A80E69C525C9F2D3002FFFBE /* ContentView.swift */ = {isa = PBXFileReference; lastKnownFileType = sourcecode.swift; path = ContentView.swift; sourceTree = "<group>"; };
		A80E69C725C9F2E2002FFFBE /* Assets.xcassets */ = {isa = PBXFileReference; lastKnownFileType = folder.assetcatalog; path = Assets.xcassets; sourceTree = "<group>"; };
		A80E69CA25C9F2E2002FFFBE /* Preview Assets.xcassets */ = {isa = PBXFileReference; lastKnownFileType = folder.assetcatalog; path = "Preview Assets.xcassets"; sourceTree = "<group>"; };
		A80E69CC25C9F2E2002FFFBE /* Info.plist */ = {isa = PBXFileReference; lastKnownFileType = text.plist.xml; path = Info.plist; sourceTree = "<group>"; };
		A80E69D125C9F2E4002FFFBE /* GitHubTests.xctest */ = {isa = PBXFileReference; explicitFileType = wrapper.cfbundle; includeInIndex = 0; path = GitHubTests.xctest; sourceTree = BUILT_PRODUCTS_DIR; };
		A80E69D525C9F2E4002FFFBE /* GitHubTests.swift */ = {isa = PBXFileReference; lastKnownFileType = sourcecode.swift; path = GitHubTests.swift; sourceTree = "<group>"; };
		A80E69D725C9F2E4002FFFBE /* Info.plist */ = {isa = PBXFileReference; lastKnownFileType = text.plist.xml; path = Info.plist; sourceTree = "<group>"; };
		A80E69DC25C9F2E4002FFFBE /* GitHubUITests.xctest */ = {isa = PBXFileReference; explicitFileType = wrapper.cfbundle; includeInIndex = 0; path = GitHubUITests.xctest; sourceTree = BUILT_PRODUCTS_DIR; };
		A80E69E025C9F2E4002FFFBE /* GitHubUITests.swift */ = {isa = PBXFileReference; lastKnownFileType = sourcecode.swift; path = GitHubUITests.swift; sourceTree = "<group>"; };
		A80E69E225C9F2E4002FFFBE /* Info.plist */ = {isa = PBXFileReference; lastKnownFileType = text.plist.xml; path = Info.plist; sourceTree = "<group>"; };
/* End PBXFileReference section */

/* Begin PBXFrameworksBuildPhase section */
		A80E69BD25C9F2D2002FFFBE /* Frameworks */ = {
			isa = PBXFrameworksBuildPhase;
			buildActionMask = 2147483647;
			files = (
			);
			runOnlyForDeploymentPostprocessing = 0;
		};
		A80E69CE25C9F2E4002FFFBE /* Frameworks */ = {
			isa = PBXFrameworksBuildPhase;
			buildActionMask = 2147483647;
			files = (
			);
			runOnlyForDeploymentPostprocessing = 0;
		};
		A80E69D925C9F2E4002FFFBE /* Frameworks */ = {
			isa = PBXFrameworksBuildPhase;
			buildActionMask = 2147483647;
			files = (
			);
			runOnlyForDeploymentPostprocessing = 0;
		};
/* End PBXFrameworksBuildPhase section */

/* Begin PBXGroup section */
		A80E69B725C9F2D2002FFFBE = {
			isa = PBXGroup;
			children = (
				A80E69C225C9F2D3002FFFBE /* GitHub */,
				A80E69D425C9F2E4002FFFBE /* GitHubTests */,
				A80E69DF25C9F2E4002FFFBE /* GitHubUITests */,
				A80E69C125C9F2D3002FFFBE /* Products */,
			);
			sourceTree = "<group>";
		};
		A80E69C125C9F2D3002FFFBE /* Products */ = {
			isa = PBXGroup;
			children = (
				A80E69C025C9F2D3002FFFBE /* GitHub.app */,
				A80E69D125C9F2E4002FFFBE /* GitHubTests.xctest */,
				A80E69DC25C9F2E4002FFFBE /* GitHubUITests.xctest */,
			);
			name = Products;
			sourceTree = "<group>";
		};
		A80E69C225C9F2D3002FFFBE /* GitHub */ = {
			isa = PBXGroup;
			children = (
				A80E69C325C9F2D3002FFFBE /* GitHubApp.swift */,
				A80E69C525C9F2D3002FFFBE /* ContentView.swift */,
				A80E69C725C9F2E2002FFFBE /* Assets.xcassets */,
				A80E69CC25C9F2E2002FFFBE /* Info.plist */,
				A80E69C925C9F2E2002FFFBE /* Preview Content */,
			);
			path = GitHub;
			sourceTree = "<group>";
		};
		A80E69C925C9F2E2002FFFBE /* Preview Content */ = {
			isa = PBXGroup;
			children = (
				A80E69CA25C9F2E2002FFFBE /* Preview Assets.xcassets */,
			);
			path = "Preview Content";
			sourceTree = "<group>";
		};
		A80E69D425C9F2E4002FFFBE /* GitHubTests */ = {
			isa = PBXGroup;
			children = (
				A80E69D525C9F2E4002FFFBE /* GitHubTests.swift */,
				A80E69D725C9F2E4002FFFBE /* Info.plist */,
			);
			path = GitHubTests;
			sourceTree = "<group>";
		};
		A80E69DF25C9F2E4002FFFBE /* GitHubUITests */ = {
			isa = PBXGroup;
			children = (
				A80E69E025C9F2E4002FFFBE /* GitHubUITests.swift */,
				A80E69E225C9F2E4002FFFBE /* Info.plist */,
			);
			path = GitHubUITests;
			sourceTree = "<group>";
		};
/* End PBXGroup section */

/* Begin PBXNativeTarget section */
		A80E69BF25C9F2D2002FFFBE /* GitHub */ = {
			isa = PBXNativeTarget;
			buildConfigurationList = A80E69E525C9F2E4002FFFBE /* Build configuration list for PBXNativeTarget "GitHub" */;
			buildPhases = (
				A80E69BC25C9F2D2002FFFBE /* Sources */,
				A80E69BD25C9F2D2002FFFBE /* Frameworks */,
				A80E69BE25C9F2D2002FFFBE /* Resources */,
			);
			buildRules = (
			);
			dependencies = (
			);
			name = GitHub;
			productName = GitHub;
			productReference = A80E69C025C9F2D3002FFFBE /* GitHub.app */;
			productType = "com.apple.product-type.application";
		};
		A80E69D025C9F2E4002FFFBE /* GitHubTests */ = {
			isa = PBXNativeTarget;
			buildConfigurationList = A80E69E825C9F2E4002FFFBE /* Build configuration list for PBXNativeTarget "GitHubTests" */;
			buildPhases = (
				A80E69CD25C9F2E4002FFFBE /* Sources */,
				A80E69CE25C9F2E4002FFFBE /* Frameworks */,
				A80E69CF25C9F2E4002FFFBE /* Resources */,
			);
			buildRules = (
			);
			dependencies = (
				A80E69D325C9F2E4002FFFBE /* PBXTargetDependency */,
			);
			name = GitHubTests;
			productName = GitHubTests;
			productReference = A80E69D125C9F2E4002FFFBE /* GitHubTests.xctest */;
			productType = "com.apple.product-type.bundle.unit-test";
		};
		A80E69DB25C9F2E4002FFFBE /* GitHubUITests */ = {
			isa = PBXNativeTarget;
			buildConfigurationList = A80E69EB25C9F2E4002FFFBE /* Build configuration list for PBXNativeTarget "GitHubUITests" */;
			buildPhases = (
				A80E69D825C9F2E4002FFFBE /* Sources */,
				A80E69D925C9F2E4002FFFBE /* Frameworks */,
				A80E69DA25C9F2E4002FFFBE /* Resources */,
			);
			buildRules = (
			);
			dependencies = (
				A80E69DE25C9F2E4002FFFBE /* PBXTargetDependency */,
			);
			name = GitHubUITests;
			productName = GitHubUITests;
			productReference = A80E69DC25C9F2E4002FFFBE /* GitHubUITests.xctest */;
			productType = "com.apple.product-type.bundle.ui-testing";
		};
/* End PBXNativeTarget section */

/* Begin PBXProject section */
		A80E69B825C9F2D2002FFFBE /* Project object */ = {
			isa = PBXProject;
			attributes = {
				LastSwiftUpdateCheck = 1240;
				LastUpgradeCheck = 1240;
				TargetAttributes = {
					A80E69BF25C9F2D2002FFFBE = {
						CreatedOnToolsVersion = 12.4;
					};
					A80E69D025C9F2E4002FFFBE = {
						CreatedOnToolsVersion = 12.4;
						TestTargetID = A80E69BF25C9F2D2002FFFBE;
					};
					A80E69DB25C9F2E4002FFFBE = {
						CreatedOnToolsVersion = 12.4;
						TestTargetID = A80E69BF25C9F2D2002FFFBE;
					};
				};
			};
			buildConfigurationList = A80E69BB25C9F2D2002FFFBE /* Build configuration list for PBXProject "GitHub" */;
			compatibilityVersion = "Xcode 9.3";
			developmentRegion = en;
			hasScannedForEncodings = 0;
			knownRegions = (
				en,
				Base,
			);
			mainGroup = A80E69B725C9F2D2002FFFBE;
			productRefGroup = A80E69C125C9F2D3002FFFBE /* Products */;
			projectDirPath = "";
			projectRoot = "";
			targets = (
				A80E69BF25C9F2D2002FFFBE /* GitHub */,
				A80E69D025C9F2E4002FFFBE /* GitHubTests */,
				A80E69DB25C9F2E4002FFFBE /* GitHubUITests */,
			);
		};
/* End PBXProject section */

/* Begin PBXResourcesBuildPhase section */
		A80E69BE25C9F2D2002FFFBE /* Resources */ = {
			isa = PBXResourcesBuildPhase;
			buildActionMask = 2147483647;
			files = (
				A80E69CB25C9F2E2002FFFBE /* Preview Assets.xcassets in Resources */,
				A80E69C825C9F2E2002FFFBE /* Assets.xcassets in Resources */,
			);
			runOnlyForDeploymentPostprocessing = 0;
		};
		A80E69CF25C9F2E4002FFFBE /* Resources */ = {
			isa = PBXResourcesBuildPhase;
			buildActionMask = 2147483647;
			files = (
			);
			runOnlyForDeploymentPostprocessing = 0;
		};
		A80E69DA25C9F2E4002FFFBE /* Resources */ = {
			isa = PBXResourcesBuildPhase;
			buildActionMask = 2147483647;
			files = (
			);
			runOnlyForDeploymentPostprocessing = 0;
		};
/* End PBXResourcesBuildPhase section */

/* Begin PBXSourcesBuildPhase section */
		A80E69BC25C9F2D2002FFFBE /* Sources */ = {
			isa = PBXSourcesBuildPhase;
			buildActionMask = 2147483647;
			files = (
				A80E69C625C9F2D3002FFFBE /* ContentView.swift in Sources */,
				A80E69C425C9F2D3002FFFBE /* GitHubApp.swift in Sources */,
			);
			runOnlyForDeploymentPostprocessing = 0;
		};
		A80E69CD25C9F2E4002FFFBE /* Sources */ = {
			isa = PBXSourcesBuildPhase;
			buildActionMask = 2147483647;
			files = (
				A80E69D625C9F2E4002FFFBE /* GitHubTests.swift in Sources */,
			);
			runOnlyForDeploymentPostprocessing = 0;
		};
		A80E69D825C9F2E4002FFFBE /* Sources */ = {
			isa = PBXSourcesBuildPhase;
			buildActionMask = 2147483647;
			files = (
				A80E69E125C9F2E4002FFFBE /* GitHubUITests.swift in Sources */,
			);
			runOnlyForDeploymentPostprocessing = 0;
		};
/* End PBXSourcesBuildPhase section */

/* Begin PBXTargetDependency section */
		A80E69D325C9F2E4002FFFBE /* PBXTargetDependency */ = {
			isa = PBXTargetDependency;
			target = A80E69BF25C9F2D2002FFFBE /* GitHub */;
			targetProxy = A80E69D225C9F2E4002FFFBE /* PBXContainerItemProxy */;
		};
		A80E69DE25C9F2E4002FFFBE /* PBXTargetDependency */ = {
			isa = PBXTargetDependency;
			target = A80E69BF25C9F2D2002FFFBE /* GitHub */;
			targetProxy = A80E69DD25C9F2E4002FFFBE /* PBXContainerItemProxy */;
		};
/* End PBXTargetDependency section */

/* Begin XCBuildConfiguration section */
		A80E69E325C9F2E4002FFFBE /* Debug */ = {
			isa = XCBuildConfiguration;
			buildSettings = {
				ALWAYS_SEARCH_USER_PATHS = NO;
				CLANG_ANALYZER_NONNULL = YES;
				CLANG_ANALYZER_NUMBER_OBJECT_CONVERSION = YES_AGGRESSIVE;
				CLANG_CXX_LANGUAGE_STANDARD = "gnu++14";
				CLANG_CXX_LIBRARY = "libc++";
				CLANG_ENABLE_MODULES = YES;
				CLANG_ENABLE_OBJC_ARC = YES;
				CLANG_ENABLE_OBJC_WEAK = YES;
				CLANG_WARN_BLOCK_CAPTURE_AUTORELEASING = YES;
				CLANG_WARN_BOOL_CONVERSION = YES;
				CLANG_WARN_COMMA = YES;
				CLANG_WARN_CONSTANT_CONVERSION = YES;
				CLANG_WARN_DEPRECATED_OBJC_IMPLEMENTATIONS = YES;
				CLANG_WARN_DIRECT_OBJC_ISA_USAGE = YES_ERROR;
				CLANG_WARN_DOCUMENTATION_COMMENTS = YES;
				CLANG_WARN_EMPTY_BODY = YES;
				CLANG_WARN_ENUM_CONVERSION = YES;
				CLANG_WARN_INFINITE_RECURSION = YES;
				CLANG_WARN_INT_CONVERSION = YES;
				CLANG_WARN_NON_LITERAL_NULL_CONVERSION = YES;
				CLANG_WARN_OBJC_IMPLICIT_RETAIN_SELF = YES;
				CLANG_WARN_OBJC_LITERAL_CONVERSION = YES;
				CLANG_WARN_OBJC_ROOT_CLASS = YES_ERROR;
				CLANG_WARN_QUOTED_INCLUDE_IN_FRAMEWORK_HEADER = YES;
				CLANG_WARN_RANGE_LOOP_ANALYSIS = YES;
				CLANG_WARN_STRICT_PROTOTYPES = YES;
				CLANG_WARN_SUSPICIOUS_MOVE = YES;
				CLANG_WARN_UNGUARDED_AVAILABILITY = YES_AGGRESSIVE;
				CLANG_WARN_UNREACHABLE_CODE = YES;
				CLANG_WARN__DUPLICATE_METHOD_MATCH = YES;
				COPY_PHASE_STRIP = NO;
				DEBUG_INFORMATION_FORMAT = dwarf;
				ENABLE_STRICT_OBJC_MSGSEND = YES;
				ENABLE_TESTABILITY = YES;
				GCC_C_LANGUAGE_STANDARD = gnu11;
				GCC_DYNAMIC_NO_PIC = NO;
				GCC_NO_COMMON_BLOCKS = YES;
				GCC_OPTIMIZATION_LEVEL = 0;
				GCC_PREPROCESSOR_DEFINITIONS = (
					"DEBUG=1",
					"$(inherited)",
				);
				GCC_WARN_64_TO_32_BIT_CONVERSION = YES;
				GCC_WARN_ABOUT_RETURN_TYPE = YES_ERROR;
				GCC_WARN_UNDECLARED_SELECTOR = YES;
				GCC_WARN_UNINITIALIZED_AUTOS = YES_AGGRESSIVE;
				GCC_WARN_UNUSED_FUNCTION = YES;
				GCC_WARN_UNUSED_VARIABLE = YES;
				IPHONEOS_DEPLOYMENT_TARGET = 14.4;
				MTL_ENABLE_DEBUG_INFO = INCLUDE_SOURCE;
				MTL_FAST_MATH = YES;
				ONLY_ACTIVE_ARCH = YES;
				SDKROOT = iphoneos;
				SWIFT_ACTIVE_COMPILATION_CONDITIONS = DEBUG;
				SWIFT_OPTIMIZATION_LEVEL = "-Onone";
			};
			name = Debug;
		};
		A80E69E425C9F2E4002FFFBE /* Release */ = {
			isa = XCBuildConfiguration;
			buildSettings = {
				ALWAYS_SEARCH_USER_PATHS = NO;
				CLANG_ANALYZER_NONNULL = YES;
				CLANG_ANALYZER_NUMBER_OBJECT_CONVERSION = YES_AGGRESSIVE;
				CLANG_CXX_LANGUAGE_STANDARD = "gnu++14";
				CLANG_CXX_LIBRARY = "libc++";
				CLANG_ENABLE_MODULES = YES;
				CLANG_ENABLE_OBJC_ARC = YES;
				CLANG_ENABLE_OBJC_WEAK = YES;
				CLANG_WARN_BLOCK_CAPTURE_AUTORELEASING = YES;
				CLANG_WARN_BOOL_CONVERSION = YES;
				CLANG_WARN_COMMA = YES;
				CLANG_WARN_CONSTANT_CONVERSION = YES;
				CLANG_WARN_DEPRECATED_OBJC_IMPLEMENTATIONS = YES;
				CLANG_WARN_DIRECT_OBJC_ISA_USAGE = YES_ERROR;
				CLANG_WARN_DOCUMENTATION_COMMENTS = YES;
				CLANG_WARN_EMPTY_BODY = YES;
				CLANG_WARN_ENUM_CONVERSION = YES;
				CLANG_WARN_INFINITE_RECURSION = YES;
				CLANG_WARN_INT_CONVERSION = YES;
				CLANG_WARN_NON_LITERAL_NULL_CONVERSION = YES;
				CLANG_WARN_OBJC_IMPLICIT_RETAIN_SELF = YES;
				CLANG_WARN_OBJC_LITERAL_CONVERSION = YES;
				CLANG_WARN_OBJC_ROOT_CLASS = YES_ERROR;
				CLANG_WARN_QUOTED_INCLUDE_IN_FRAMEWORK_HEADER = YES;
				CLANG_WARN_RANGE_LOOP_ANALYSIS = YES;
				CLANG_WARN_STRICT_PROTOTYPES = YES;
				CLANG_WARN_SUSPICIOUS_MOVE = YES;
				CLANG_WARN_UNGUARDED_AVAILABILITY = YES_AGGRESSIVE;
				CLANG_WARN_UNREACHABLE_CODE = YES;
				CLANG_WARN__DUPLICATE_METHOD_MATCH = YES;
				COPY_PHASE_STRIP = NO;
				DEBUG_INFORMATION_FORMAT = "dwarf-with-dsym";
				ENABLE_NS_ASSERTIONS = NO;
				ENABLE_STRICT_OBJC_MSGSEND = YES;
				GCC_C_LANGUAGE_STANDARD = gnu11;
				GCC_NO_COMMON_BLOCKS = YES;
				GCC_WARN_64_TO_32_BIT_CONVERSION = YES;
				GCC_WARN_ABOUT_RETURN_TYPE = YES_ERROR;
				GCC_WARN_UNDECLARED_SELECTOR = YES;
				GCC_WARN_UNINITIALIZED_AUTOS = YES_AGGRESSIVE;
				GCC_WARN_UNUSED_FUNCTION = YES;
				GCC_WARN_UNUSED_VARIABLE = YES;
				IPHONEOS_DEPLOYMENT_TARGET = 14.4;
				MTL_ENABLE_DEBUG_INFO = NO;
				MTL_FAST_MATH = YES;
				SDKROOT = iphoneos;
				SWIFT_COMPILATION_MODE = wholemodule;
				SWIFT_OPTIMIZATION_LEVEL = "-O";
				VALIDATE_PRODUCT = YES;
			};
			name = Release;
		};
		A80E69E625C9F2E4002FFFBE /* Debug */ = {
			isa = XCBuildConfiguration;
			buildSettings = {
				ASSETCATALOG_COMPILER_APPICON_NAME = AppIcon;
				ASSETCATALOG_COMPILER_GLOBAL_ACCENT_COLOR_NAME = AccentColor;
				CODE_SIGN_STYLE = Automatic;
				DEVELOPMENT_ASSET_PATHS = "\"GitHub/Preview Content\"";
				ENABLE_PREVIEWS = YES;
				INFOPLIST_FILE = GitHub/Info.plist;
				IPHONEOS_DEPLOYMENT_TARGET = 14.0;
				LD_RUNPATH_SEARCH_PATHS = (
					"$(inherited)",
					"@executable_path/Frameworks",
				);
				PRODUCT_BUNDLE_IDENTIFIER = "Jessica-Dudar.GitHub";
				PRODUCT_NAME = "$(TARGET_NAME)";
				SWIFT_VERSION = 5.0;
				TARGETED_DEVICE_FAMILY = "1,2";
			};
			name = Debug;
		};
		A80E69E725C9F2E4002FFFBE /* Release */ = {
			isa = XCBuildConfiguration;
			buildSettings = {
				ASSETCATALOG_COMPILER_APPICON_NAME = AppIcon;
				ASSETCATALOG_COMPILER_GLOBAL_ACCENT_COLOR_NAME = AccentColor;
				CODE_SIGN_STYLE = Automatic;
				DEVELOPMENT_ASSET_PATHS = "\"GitHub/Preview Content\"";
				ENABLE_PREVIEWS = YES;
				INFOPLIST_FILE = GitHub/Info.plist;
				IPHONEOS_DEPLOYMENT_TARGET = 14.0;
				LD_RUNPATH_SEARCH_PATHS = (
					"$(inherited)",
					"@executable_path/Frameworks",
				);
				PRODUCT_BUNDLE_IDENTIFIER = "Jessica-Dudar.GitHub";
				PRODUCT_NAME = "$(TARGET_NAME)";
				SWIFT_VERSION = 5.0;
				TARGETED_DEVICE_FAMILY = "1,2";
			};
			name = Release;
		};
		A80E69E925C9F2E4002FFFBE /* Debug */ = {
			isa = XCBuildConfiguration;
			buildSettings = {
				ALWAYS_EMBED_SWIFT_STANDARD_LIBRARIES = YES;
				BUNDLE_LOADER = "$(TEST_HOST)";
				CODE_SIGN_STYLE = Automatic;
				INFOPLIST_FILE = GitHubTests/Info.plist;
				IPHONEOS_DEPLOYMENT_TARGET = 14.0;
				LD_RUNPATH_SEARCH_PATHS = (
					"$(inherited)",
					"@executable_path/Frameworks",
					"@loader_path/Frameworks",
				);
				PRODUCT_BUNDLE_IDENTIFIER = "Jessica-Dudar.GitHubTests";
				PRODUCT_NAME = "$(TARGET_NAME)";
				SWIFT_VERSION = 5.0;
				TARGETED_DEVICE_FAMILY = "1,2";
				TEST_HOST = "$(BUILT_PRODUCTS_DIR)/GitHub.app/GitHub";
			};
			name = Debug;
		};
		A80E69EA25C9F2E4002FFFBE /* Release */ = {
			isa = XCBuildConfiguration;
			buildSettings = {
				ALWAYS_EMBED_SWIFT_STANDARD_LIBRARIES = YES;
				BUNDLE_LOADER = "$(TEST_HOST)";
				CODE_SIGN_STYLE = Automatic;
				INFOPLIST_FILE = GitHubTests/Info.plist;
				IPHONEOS_DEPLOYMENT_TARGET = 14.0;
				LD_RUNPATH_SEARCH_PATHS = (
					"$(inherited)",
					"@executable_path/Frameworks",
					"@loader_path/Frameworks",
				);
				PRODUCT_BUNDLE_IDENTIFIER = "Jessica-Dudar.GitHubTests";
				PRODUCT_NAME = "$(TARGET_NAME)";
				SWIFT_VERSION = 5.0;
				TARGETED_DEVICE_FAMILY = "1,2";
				TEST_HOST = "$(BUILT_PRODUCTS_DIR)/GitHub.app/GitHub";
			};
			name = Release;
		};
		A80E69EC25C9F2E4002FFFBE /* Debug */ = {
			isa = XCBuildConfiguration;
			buildSettings = {
				ALWAYS_EMBED_SWIFT_STANDARD_LIBRARIES = YES;
				CODE_SIGN_STYLE = Automatic;
				INFOPLIST_FILE = GitHubUITests/Info.plist;
				LD_RUNPATH_SEARCH_PATHS = (
					"$(inherited)",
					"@executable_path/Frameworks",
					"@loader_path/Frameworks",
				);
				PRODUCT_BUNDLE_IDENTIFIER = "Jessica-Dudar.GitHubUITests";
				PRODUCT_NAME = "$(TARGET_NAME)";
				SWIFT_VERSION = 5.0;
				TARGETED_DEVICE_FAMILY = "1,2";
				TEST_TARGET_NAME = GitHub;
			};
			name = Debug;
		};
		A80E69ED25C9F2E4002FFFBE /* Release */ = {
			isa = XCBuildConfiguration;
			buildSettings = {
				ALWAYS_EMBED_SWIFT_STANDARD_LIBRARIES = YES;
				CODE_SIGN_STYLE = Automatic;
				INFOPLIST_FILE = GitHubUITests/Info.plist;
				LD_RUNPATH_SEARCH_PATHS = (
					"$(inherited)",
					"@executable_path/Frameworks",
					"@loader_path/Frameworks",
				);
				PRODUCT_BUNDLE_IDENTIFIER = "Jessica-Dudar.GitHubUITests";
				PRODUCT_NAME = "$(TARGET_NAME)";
				SWIFT_VERSION = 5.0;
				TARGETED_DEVICE_FAMILY = "1,2";
				TEST_TARGET_NAME = GitHub;
			};
			name = Release;
		};
/* End XCBuildConfiguration section */

/* Begin XCConfigurationList section */
		A80E69BB25C9F2D2002FFFBE /* Build configuration list for PBXProject "GitHub" */ = {
			isa = XCConfigurationList;
			buildConfigurations = (
				A80E69E325C9F2E4002FFFBE /* Debug */,
				A80E69E425C9F2E4002FFFBE /* Release */,
			);
			defaultConfigurationIsVisible = 0;
			defaultConfigurationName = Release;
		};
		A80E69E525C9F2E4002FFFBE /* Build configuration list for PBXNativeTarget "GitHub" */ = {
			isa = XCConfigurationList;
			buildConfigurations = (
				A80E69E625C9F2E4002FFFBE /* Debug */,
				A80E69E725C9F2E4002FFFBE /* Release */,
			);
			defaultConfigurationIsVisible = 0;
			defaultConfigurationName = Release;
		};
		A80E69E825C9F2E4002FFFBE /* Build configuration list for PBXNativeTarget "GitHubTests" */ = {
			isa = XCConfigurationList;
			buildConfigurations = (
				A80E69E925C9F2E4002FFFBE /* Debug */,
				A80E69EA25C9F2E4002FFFBE /* Release */,
			);
			defaultConfigurationIsVisible = 0;
			defaultConfigurationName = Release;
		};
		A80E69EB25C9F2E4002FFFBE /* Build configuration list for PBXNativeTarget "GitHubUITests" */ = {
			isa = XCConfigurationList;
			buildConfigurations = (
				A80E69EC25C9F2E4002FFFBE /* Debug */,
				A80E69ED25C9F2E4002FFFBE /* Release */,
			);
			defaultConfigurationIsVisible = 0;
			defaultConfigurationName = Release;
		};
/* End XCConfigurationList section */
	};
	rootObject = A80E69B825C9F2D2002FFFBE /* Project object */;
}
